<?xml version="1.0" encoding="utf-8"?>
<Project ToolsVersion="4.0" xmlns="http://schemas.microsoft.com/developer/msbuild/2003">
  <ItemGroup>
    <Filter Include="win32">
      <UniqueIdentifier>{84a8ebd7-7cf0-47f6-b75e-d441df67da40}</UniqueIdentifier>
    </Filter>
    <Filter Include="resource">
      <UniqueIdentifier>{715254bc-d70b-4ec5-bf29-467dd3ace079}</UniqueIdentifier>
    </Filter>
    <Filter Include="src">
      <UniqueIdentifier>{bb6c862e-70e9-49d9-81b7-3829a6f50471}</UniqueIdentifier>
    </Filter>
    <Filter Include="src\Scene">
      <UniqueIdentifier>{ad9ea1e2-9486-4abd-9179-694dc08f5432}</UniqueIdentifier>
    </Filter>
    <Filter Include="src\Scene\Game">
      <UniqueIdentifier>{8c208b87-5680-42fb-a60f-f47b2ab5ae69}</UniqueIdentifier>
    </Filter>
    <Filter Include="src\Scene\Main">
      <UniqueIdentifier>{ade2bb8e-cf9c-42a9-8208-0d50505d8196}</UniqueIdentifier>
    </Filter>
    <Filter Include="src\Scene\Test">
      <UniqueIdentifier>{7747b1d0-15f4-46db-a7fd-ea99d599e478}</UniqueIdentifier>
    </Filter>
  </ItemGroup>
  <ItemGroup>
    <ClCompile Include="main.cpp">
      <Filter>win32</Filter>
    </ClCompile>
    <ClCompile Include="..\Classes\AppDelegate.cpp">
      <Filter>src</Filter>
    </ClCompile>
    <ClCompile Include="..\Classes\GameScene.cpp">
      <Filter>src\Scene\Game</Filter>
    </ClCompile>
    <ClCompile Include="..\Classes\MainScene.cpp">
      <Filter>src\Scene\Main</Filter>
    </ClCompile>
    <ClCompile Include="..\Classes\TestScene.cpp">
      <Filter>src\Scene\Test</Filter>
    </ClCompile>
  </ItemGroup>
  <ItemGroup>
    <ClInclude Include="main.h">
      <Filter>win32</Filter>
    </ClInclude>
    <ClInclude Include="..\Classes\AppDelegate.h">
      <Filter>src</Filter>
    </ClInclude>
    <ClInclude Include="..\Classes\GameScene.h">
      <Filter>src\Scene\Game</Filter>
    </ClInclude>
    <ClInclude Include="..\Classes\MainScene.h">
      <Filter>src\Scene\Main</Filter>
    </ClInclude>
    <ClInclude Include="..\Classes\TestScene.h">
      <Filter>src\Scene\Test</Filter>
    </ClInclude>
  </ItemGroup>
  <ItemGroup>
    <ResourceCompile Include="game.rc">
      <Filter>resource</Filter>
    </ResourceCompile>
  </ItemGroup>
</Project>