<?xml version="1.0" encoding="utf-8"?>
<Project ToolsVersion="4.0" xmlns="http://schemas.microsoft.com/developer/msbuild/2003">
  <ItemGroup>
    <Filter Include="win32">
      <UniqueIdentifier>{84a8ebd7-7cf0-47f6-b75e-d441df67da40}</UniqueIdentifier>
    </Filter>
    <Filter Include="resource">
      <UniqueIdentifier>{715254bc-d70b-4ec5-bf29-467dd3ace079}</UniqueIdentifier>
    </Filter>
    <Filter Include="Scene">
      <UniqueIdentifier>{ad9ea1e2-9486-4abd-9179-694dc08f5432}</UniqueIdentifier>
    </Filter>
    <Filter Include="Scene\Game">
      <UniqueIdentifier>{8c208b87-5680-42fb-a60f-f47b2ab5ae69}</UniqueIdentifier>
    </Filter>
    <Filter Include="Scene\Test">
      <UniqueIdentifier>{7747b1d0-15f4-46db-a7fd-ea99d599e478}</UniqueIdentifier>
    </Filter>
    <Filter Include="Scene\Main">
      <UniqueIdentifier>{ade2bb8e-cf9c-42a9-8208-0d50505d8196}</UniqueIdentifier>
    </Filter>
    <Filter Include="GameObject">
      <UniqueIdentifier>{a735c499-2a65-47a3-aa56-843e50c7bb3f}</UniqueIdentifier>
    </Filter>
    <Filter Include="Player">
      <UniqueIdentifier>{08553518-4823-4e6c-bbb8-5253bf1c3436}</UniqueIdentifier>
    </Filter>
    <Filter Include="Manager">
      <UniqueIdentifier>{14e8a022-d762-4d46-bc93-2b973418b676}</UniqueIdentifier>
    </Filter>
    <Filter Include="Config">
      <UniqueIdentifier>{bdb0a81d-6efe-4ae7-bc7d-b10ff3ddbbc6}</UniqueIdentifier>
    </Filter>
    <Filter Include="Config\KeyConfig">
      <UniqueIdentifier>{b8e3c215-5a12-473c-b575-b86b6ad46788}</UniqueIdentifier>
    </Filter>
  </ItemGroup>
  <ItemGroup>
    <ClCompile Include="main.cpp">
      <Filter>win32</Filter>
    </ClCompile>
    <ClCompile Include="..\Classes\AppDelegate.cpp" />
    <ClCompile Include="..\Classes\GameScene.cpp">
      <Filter>Scene\Game</Filter>
    </ClCompile>
    <ClCompile Include="..\Classes\MainScene.cpp">
      <Filter>Scene\Main</Filter>
    </ClCompile>
    <ClCompile Include="..\Classes\TestScene.cpp">
      <Filter>Scene\Test</Filter>
    </ClCompile>
    <ClCompile Include="..\Classes\Player.cpp">
      <Filter>Player</Filter>
    </ClCompile>
    <ClCompile Include="..\Classes\stdafx.cpp" />
    <ClCompile Include="..\Classes\KeyStateManager.cpp">
      <Filter>Manager</Filter>
    </ClCompile>
    <ClCompile Include="..\Classes\KeyConfig.cpp">
      <Filter>Config\KeyConfig</Filter>
    </ClCompile>
  </ItemGroup>
  <ItemGroup>
    <ClInclude Include="main.h">
      <Filter>win32</Filter>
    </ClInclude>
    <ClInclude Include="..\Classes\AppDelegate.h" />
    <ClInclude Include="..\Classes\GameScene.h">
      <Filter>Scene\Game</Filter>
    </ClInclude>
    <ClInclude Include="..\Classes\MainScene.h">
      <Filter>Scene\Main</Filter>
    </ClInclude>
    <ClInclude Include="..\Classes\TestScene.h">
      <Filter>Scene\Test</Filter>
    </ClInclude>
    <ClInclude Include="..\Classes\Player.h">
      <Filter>Player</Filter>
    </ClInclude>
    <ClInclude Include="..\Classes\stdafx.h" />
    <ClInclude Include="..\Classes\KeyStateManager.h">
      <Filter>Manager</Filter>
    </ClInclude>
    <ClInclude Include="..\Classes\KeyConfig.h">
      <Filter>Config\KeyConfig</Filter>
    </ClInclude>
    <ClInclude Include="..\Classes\PlayerConfig.h">
      <Filter>Config</Filter>
    </ClInclude>
  </ItemGroup>
  <ItemGroup>
    <ResourceCompile Include="game.rc">
      <Filter>resource</Filter>
    </ResourceCompile>
  </ItemGroup>
</Project>